
Microsoft Visual Studio Solution File, Format Version 12.00
# Visual Studio 14
VisualStudioVersion = 14.0.25420.1
MinimumVisualStudioVersion = 10.0.40219.1
Project("{FAE04EC0-301F-11D3-BF4B-00C04F79EFBC}") = "ShaderPlanets", "ShaderPlanets\ShaderPlanets\ShaderPlanets.csproj", "{E1DE96BC-7851-4ABE-A0E4-B85880A54EE3}"
EndProject
Project("{FAE04EC0-301F-11D3-BF4B-00C04F79EFBC}") = "ShaderPlanetsContent", "ShaderPlanets\ShaderPlanetsContent\ShaderPlanetsContent.contentproj", "{8EB226A8-C301-4CB2-A5A3-F381E1F5F308}"
EndProject
Global
	GlobalSection(SolutionConfigurationPlatforms) = preSolution
		Debug|x86 = Debug|x86
		Release|x86 = Release|x86
	EndGlobalSection
	GlobalSection(ProjectConfigurationPlatforms) = postSolution
		{E1DE96BC-7851-4ABE-A0E4-B85880A54EE3}.Debug|x86.ActiveCfg = Debug|x86
		{E1DE96BC-7851-4ABE-A0E4-B85880A54EE3}.Debug|x86.Build.0 = Debug|x86
		{E1DE96BC-7851-4ABE-A0E4-B85880A54EE3}.Release|x86.ActiveCfg = Release|x86
		{E1DE96BC-7851-4ABE-A0E4-B85880A54EE3}.Release|x86.Build.0 = Release|x86
		{8EB226A8-C301-4CB2-A5A3-F381E1F5F308}.Debug|x86.ActiveCfg = Debug|x86
		{8EB226A8-C301-4CB2-A5A3-F381E1F5F308}.Release|x86.ActiveCfg = Release|x86
	EndGlobalSection
	GlobalSection(SolutionProperties) = preSolution
		HideSolutionNode = FALSE
	EndGlobalSection
EndGlobal
